
Microsoft Visual Studio Solution File, Format Version 12.00
Project("{FAE04EC0-301F-11D3-BF4B-00C04F79EFBC}") = "someApp", "someApp.csproj", "{5F78F0BD-E59D-4111-A68F-6173E58F5079}"
EndProject
Global
	GlobalSection(SolutionConfigurationPlatforms) = preSolution
		Debug|Any CPU = Debug|Any CPU
		Release|Any CPU = Release|Any CPU
	EndGlobalSection
	GlobalSection(ProjectConfigurationPlatforms) = postSolution
		{5F78F0BD-E59D-4111-A68F-6173E58F5079}.Debug|Any CPU.ActiveCfg = Debug|Any CPU
		{5F78F0BD-E59D-4111-A68F-6173E58F5079}.Debug|Any CPU.Build.0 = Debug|Any CPU
		{5F78F0BD-E59D-4111-A68F-6173E58F5079}.Release|Any CPU.ActiveCfg = Release|Any CPU
		{5F78F0BD-E59D-4111-A68F-6173E58F5079}.Release|Any CPU.Build.0 = Release|Any CPU
	EndGlobalSection
EndGlobal
